// !$*UTF8*$!
{
	archiveVersion = 1;
	classes = {
	};
	objectVersion = 46;
	objects = {

/* Begin PBXBuildFile section */
		2C152420184C3364007080D8 /* libShell.a in Frameworks */ = {isa = PBXBuildFile; fileRef = 2C15241B184C3236007080D8 /* libShell.a */; };
		2C152456184C4B4A007080D8 /* Add@2x.png in Resources */ = {isa = PBXBuildFile; fileRef = 2C152446184C4B4A007080D8 /* Add@2x.png */; };
		2C152457184C4B4A007080D8 /* Backward@2x.png in Resources */ = {isa = PBXBuildFile; fileRef = 2C152447184C4B4A007080D8 /* Backward@2x.png */; };
		2C152458184C4B4A007080D8 /* Backward_disabled@2x.png in Resources */ = {isa = PBXBuildFile; fileRef = 2C152448184C4B4A007080D8 /* Backward_disabled@2x.png */; };
		2C152459184C4B4A007080D8 /* Bookmark@2x.png in Resources */ = {isa = PBXBuildFile; fileRef = 2C152449184C4B4A007080D8 /* Bookmark@2x.png */; };
		2C15245A184C4B4A007080D8 /* Close@2x.png in Resources */ = {isa = PBXBuildFile; fileRef = 2C15244A184C4B4A007080D8 /* Close@2x.png */; };
		2C15245B184C4B4A007080D8 /* Download@2x.png in Resources */ = {isa = PBXBuildFile; fileRef = 2C15244B184C4B4A007080D8 /* Download@2x.png */; };
		2C15245C184C4B4A007080D8 /* Forward@2x.png in Resources */ = {isa = PBXBuildFile; fileRef = 2C15244C184C4B4A007080D8 /* Forward@2x.png */; };
		2C15245D184C4B4A007080D8 /* Forward_disabled@2x.png in Resources */ = {isa = PBXBuildFile; fileRef = 2C15244D184C4B4A007080D8 /* Forward_disabled@2x.png */; };
		2C15245E184C4B4A007080D8 /* Refresh@2x.png in Resources */ = {isa = PBXBuildFile; fileRef = 2C15244E184C4B4A007080D8 /* Refresh@2x.png */; };
		2C15245F184C4B4A007080D8 /* Segment_Left_Normal@2x.png in Resources */ = {isa = PBXBuildFile; fileRef = 2C15244F184C4B4A007080D8 /* Segment_Left_Normal@2x.png */; };
		2C152460184C4B4A007080D8 /* Segment_Left_Selected@2x.png in Resources */ = {isa = PBXBuildFile; fileRef = 2C152450184C4B4A007080D8 /* Segment_Left_Selected@2x.png */; };
		2C152461184C4B4A007080D8 /* Segment_Right_Normal@2x.png in Resources */ = {isa = PBXBuildFile; fileRef = 2C152451184C4B4A007080D8 /* Segment_Right_Normal@2x.png */; };
		2C152462184C4B4A007080D8 /* Segment_Right_Selected@2x.png in Resources */ = {isa = PBXBuildFile; fileRef = 2C152452184C4B4A007080D8 /* Segment_Right_Selected@2x.png */; };
		2C152463184C4B4A007080D8 /* Stop@2x.png in Resources */ = {isa = PBXBuildFile; fileRef = 2C152453184C4B4A007080D8 /* Stop@2x.png */; };
		2C152464184C4B4A007080D8 /* Tabs@2x.png in Resources */ = {isa = PBXBuildFile; fileRef = 2C152454184C4B4A007080D8 /* Tabs@2x.png */; };
		2C152465184C4B4A007080D8 /* Thumbs.db in Resources */ = {isa = PBXBuildFile; fileRef = 2C152455184C4B4A007080D8 /* Thumbs.db */; };
		2C6FDB35184DB33A00F45D60 /* CocoaDebugTools.h in Resources */ = {isa = PBXBuildFile; fileRef = 2C6FDB34184DB33A00F45D60 /* CocoaDebugTools.h */; };
		2C6FDB38184DB48100F45D60 /* CocoaDebugTools.mm in Sources */ = {isa = PBXBuildFile; fileRef = 2C6FDB37184DB48100F45D60 /* CocoaDebugTools.mm */; };
		2CC15EAA1848373900048C33 /* Foundation.framework in Frameworks */ = {isa = PBXBuildFile; fileRef = 2CC15EA91848373900048C33 /* Foundation.framework */; };
		2CC15EAC1848373900048C33 /* CoreGraphics.framework in Frameworks */ = {isa = PBXBuildFile; fileRef = 2CC15EAB1848373900048C33 /* CoreGraphics.framework */; };
		2CC15EAE1848373900048C33 /* UIKit.framework in Frameworks */ = {isa = PBXBuildFile; fileRef = 2CC15EAD1848373900048C33 /* UIKit.framework */; };
		2CC15EB41848373900048C33 /* InfoPlist.strings in Resources */ = {isa = PBXBuildFile; fileRef = 2CC15EB21848373900048C33 /* InfoPlist.strings */; };
		2CC15EB61848373900048C33 /* main.m in Sources */ = {isa = PBXBuildFile; fileRef = 2CC15EB51848373900048C33 /* main.m */; };
		2CC15EBC1848373900048C33 /* Images.xcassets in Resources */ = {isa = PBXBuildFile; fileRef = 2CC15EBB1848373900048C33 /* Images.xcassets */; };
		2CC15F13184837B700048C33 /* libChocoCore.a in Frameworks */ = {isa = PBXBuildFile; fileRef = 2CC15F10184837AC00048C33 /* libChocoCore.a */; };
/* End PBXBuildFile section */

/* Begin PBXContainerItemProxy section */
		2C15241A184C3236007080D8 /* PBXContainerItemProxy */ = {
			isa = PBXContainerItemProxy;
			containerPortal = 2C152416184C3236007080D8 /* Shell.xcodeproj */;
			proxyType = 2;
			remoteGlobalIDString = 2C084A0717AA49B8000ABB4F;
			remoteInfo = Shell;
		};
		2C152421184C3368007080D8 /* PBXContainerItemProxy */ = {
			isa = PBXContainerItemProxy;
			containerPortal = 2C152416184C3236007080D8 /* Shell.xcodeproj */;
			proxyType = 1;
			remoteGlobalIDString = 2C084A0617AA49B8000ABB4F;
			remoteInfo = Shell;
		};
		2CC15F0F184837AC00048C33 /* PBXContainerItemProxy */ = {
			isa = PBXContainerItemProxy;
			containerPortal = 2CC15F0A184837AB00048C33 /* ChocoCore.xcodeproj */;
			proxyType = 2;
			remoteGlobalIDString = 2CC15EE1184837AB00048C33;
			remoteInfo = ChocoCore;
		};
		2CC15F14184837BE00048C33 /* PBXContainerItemProxy */ = {
			isa = PBXContainerItemProxy;
			containerPortal = 2CC15F0A184837AB00048C33 /* ChocoCore.xcodeproj */;
			proxyType = 1;
			remoteGlobalIDString = 2CC15EE0184837AB00048C33;
			remoteInfo = ChocoCore;
		};
/* End PBXContainerItemProxy section */

/* Begin PBXFileReference section */
		2C152416184C3236007080D8 /* Shell.xcodeproj */ = {isa = PBXFileReference; lastKnownFileType = "wrapper.pb-project"; name = Shell.xcodeproj; path = Shell/Shell.xcodeproj; sourceTree = "<group>"; };
		2C152423184C3388007080D8 /* AppDelegate.h */ = {isa = PBXFileReference; fileEncoding = 4; lastKnownFileType = sourcecode.c.h; name = AppDelegate.h; path = Shell/Shell/Classes/App/AppDelegate.h; sourceTree = SOURCE_ROOT; };
		2C152446184C4B4A007080D8 /* Add@2x.png */ = {isa = PBXFileReference; lastKnownFileType = image.png; path = "Add@2x.png"; sourceTree = "<group>"; };
		2C152447184C4B4A007080D8 /* Backward@2x.png */ = {isa = PBXFileReference; lastKnownFileType = image.png; path = "Backward@2x.png"; sourceTree = "<group>"; };
		2C152448184C4B4A007080D8 /* Backward_disabled@2x.png */ = {isa = PBXFileReference; lastKnownFileType = image.png; path = "Backward_disabled@2x.png"; sourceTree = "<group>"; };
		2C152449184C4B4A007080D8 /* Bookmark@2x.png */ = {isa = PBXFileReference; lastKnownFileType = image.png; path = "Bookmark@2x.png"; sourceTree = "<group>"; };
		2C15244A184C4B4A007080D8 /* Close@2x.png */ = {isa = PBXFileReference; lastKnownFileType = image.png; path = "Close@2x.png"; sourceTree = "<group>"; };
		2C15244B184C4B4A007080D8 /* Download@2x.png */ = {isa = PBXFileReference; lastKnownFileType = image.png; path = "Download@2x.png"; sourceTree = "<group>"; };
		2C15244C184C4B4A007080D8 /* Forward@2x.png */ = {isa = PBXFileReference; lastKnownFileType = image.png; path = "Forward@2x.png"; sourceTree = "<group>"; };
		2C15244D184C4B4A007080D8 /* Forward_disabled@2x.png */ = {isa = PBXFileReference; lastKnownFileType = image.png; path = "Forward_disabled@2x.png"; sourceTree = "<group>"; };
		2C15244E184C4B4A007080D8 /* Refresh@2x.png */ = {isa = PBXFileReference; lastKnownFileType = image.png; path = "Refresh@2x.png"; sourceTree = "<group>"; };
		2C15244F184C4B4A007080D8 /* Segment_Left_Normal@2x.png */ = {isa = PBXFileReference; lastKnownFileType = image.png; path = "Segment_Left_Normal@2x.png"; sourceTree = "<group>"; };
		2C152450184C4B4A007080D8 /* Segment_Left_Selected@2x.png */ = {isa = PBXFileReference; lastKnownFileType = image.png; path = "Segment_Left_Selected@2x.png"; sourceTree = "<group>"; };
		2C152451184C4B4A007080D8 /* Segment_Right_Normal@2x.png */ = {isa = PBXFileReference; lastKnownFileType = image.png; path = "Segment_Right_Normal@2x.png"; sourceTree = "<group>"; };
		2C152452184C4B4A007080D8 /* Segment_Right_Selected@2x.png */ = {isa = PBXFileReference; lastKnownFileType = image.png; path = "Segment_Right_Selected@2x.png"; sourceTree = "<group>"; };
		2C152453184C4B4A007080D8 /* Stop@2x.png */ = {isa = PBXFileReference; lastKnownFileType = image.png; path = "Stop@2x.png"; sourceTree = "<group>"; };
		2C152454184C4B4A007080D8 /* Tabs@2x.png */ = {isa = PBXFileReference; lastKnownFileType = image.png; path = "Tabs@2x.png"; sourceTree = "<group>"; };
		2C152455184C4B4A007080D8 /* Thumbs.db */ = {isa = PBXFileReference; lastKnownFileType = file; path = Thumbs.db; sourceTree = "<group>"; };
		2C6FDB34184DB33A00F45D60 /* CocoaDebugTools.h */ = {isa = PBXFileReference; fileEncoding = 4; lastKnownFileType = file; name = CocoaDebugTools.h; path = ../Shell/Shell/Classes/DebugTools/CocoaDebugTools.h; sourceTree = "<group>"; };
		2C6FDB37184DB48100F45D60 /* CocoaDebugTools.mm */ = {isa = PBXFileReference; fileEncoding = 4; lastKnownFileType = sourcecode.cpp.objcpp; name = CocoaDebugTools.mm; path = Shell/Shell/Classes/DebugTools/CocoaDebugTools.mm; sourceTree = SOURCE_ROOT; };
		2CC15EA61848373900048C33 /* Choco.app */ = {isa = PBXFileReference; explicitFileType = wrapper.application; includeInIndex = 0; path = Choco.app; sourceTree = BUILT_PRODUCTS_DIR; };
		2CC15EA91848373900048C33 /* Foundation.framework */ = {isa = PBXFileReference; lastKnownFileType = wrapper.framework; name = Foundation.framework; path = System/Library/Frameworks/Foundation.framework; sourceTree = SDKROOT; };
		2CC15EAB1848373900048C33 /* CoreGraphics.framework */ = {isa = PBXFileReference; lastKnownFileType = wrapper.framework; name = CoreGraphics.framework; path = System/Library/Frameworks/CoreGraphics.framework; sourceTree = SDKROOT; };
		2CC15EAD1848373900048C33 /* UIKit.framework */ = {isa = PBXFileReference; lastKnownFileType = wrapper.framework; name = UIKit.framework; path = System/Library/Frameworks/UIKit.framework; sourceTree = SDKROOT; };
		2CC15EB11848373900048C33 /* Choco-Info.plist */ = {isa = PBXFileReference; lastKnownFileType = text.plist.xml; path = "Choco-Info.plist"; sourceTree = "<group>"; };
		2CC15EB31848373900048C33 /* en */ = {isa = PBXFileReference; lastKnownFileType = text.plist.strings; name = en; path = en.lproj/InfoPlist.strings; sourceTree = "<group>"; };
		2CC15EB51848373900048C33 /* main.m */ = {isa = PBXFileReference; lastKnownFileType = sourcecode.c.objc; path = main.m; sourceTree = "<group>"; };
		2CC15EB71848373900048C33 /* Choco-Prefix.pch */ = {isa = PBXFileReference; lastKnownFileType = sourcecode.c.h; path = "Choco-Prefix.pch"; sourceTree = "<group>"; };
		2CC15EBB1848373900048C33 /* Images.xcassets */ = {isa = PBXFileReference; lastKnownFileType = folder.assetcatalog; path = Images.xcassets; sourceTree = "<group>"; };
		2CC15F0A184837AB00048C33 /* ChocoCore.xcodeproj */ = {isa = PBXFileReference; lastKnownFileType = "wrapper.pb-project"; name = ChocoCore.xcodeproj; path = ChocoCore/ChocoCore.xcodeproj; sourceTree = "<group>"; };
/* End PBXFileReference section */

/* Begin PBXFrameworksBuildPhase section */
		2CC15EA31848373900048C33 /* Frameworks */ = {
			isa = PBXFrameworksBuildPhase;
			buildActionMask = 2147483647;
			files = (
				2C152420184C3364007080D8 /* libShell.a in Frameworks */,
				2CC15F13184837B700048C33 /* libChocoCore.a in Frameworks */,
				2CC15EAC1848373900048C33 /* CoreGraphics.framework in Frameworks */,
				2CC15EAE1848373900048C33 /* UIKit.framework in Frameworks */,
				2CC15EAA1848373900048C33 /* Foundation.framework in Frameworks */,
			);
			runOnlyForDeploymentPostprocessing = 0;
		};
/* End PBXFrameworksBuildPhase section */

/* Begin PBXGroup section */
		2C152417184C3236007080D8 /* Products */ = {
			isa = PBXGroup;
			children = (
				2C15241B184C3236007080D8 /* libShell.a */,
			);
			name = Products;
			sourceTree = "<group>";
		};
		2C152445184C4B4A007080D8 /* images */ = {
			isa = PBXGroup;
			children = (
				2C152446184C4B4A007080D8 /* Add@2x.png */,
				2C152447184C4B4A007080D8 /* Backward@2x.png */,
				2C152448184C4B4A007080D8 /* Backward_disabled@2x.png */,
				2C152449184C4B4A007080D8 /* Bookmark@2x.png */,
				2C15244A184C4B4A007080D8 /* Close@2x.png */,
				2C15244B184C4B4A007080D8 /* Download@2x.png */,
				2C15244C184C4B4A007080D8 /* Forward@2x.png */,
				2C15244D184C4B4A007080D8 /* Forward_disabled@2x.png */,
				2C15244E184C4B4A007080D8 /* Refresh@2x.png */,
				2C15244F184C4B4A007080D8 /* Segment_Left_Normal@2x.png */,
				2C152450184C4B4A007080D8 /* Segment_Left_Selected@2x.png */,
				2C152451184C4B4A007080D8 /* Segment_Right_Normal@2x.png */,
				2C152452184C4B4A007080D8 /* Segment_Right_Selected@2x.png */,
				2C152453184C4B4A007080D8 /* Stop@2x.png */,
				2C152454184C4B4A007080D8 /* Tabs@2x.png */,
				2C152455184C4B4A007080D8 /* Thumbs.db */,
			);
			path = images;
			sourceTree = "<group>";
		};
		2CC15E9D1848373900048C33 = {
			isa = PBXGroup;
			children = (
				2CC15F0A184837AB00048C33 /* ChocoCore.xcodeproj */,
				2C152416184C3236007080D8 /* Shell.xcodeproj */,
				2CC15EB01848373900048C33 /* Supporting Files */,
				2CC15EA81848373900048C33 /* Frameworks */,
				2CC15EA71848373900048C33 /* Products */,
			);
			sourceTree = "<group>";
		};
		2CC15EA71848373900048C33 /* Products */ = {
			isa = PBXGroup;
			children = (
				2CC15EA61848373900048C33 /* Choco.app */,
			);
			name = Products;
			sourceTree = "<group>";
		};
		2CC15EA81848373900048C33 /* Frameworks */ = {
			isa = PBXGroup;
			children = (
				2CC15EA91848373900048C33 /* Foundation.framework */,
				2CC15EAB1848373900048C33 /* CoreGraphics.framework */,
				2CC15EAD1848373900048C33 /* UIKit.framework */,
			);
			name = Frameworks;
			sourceTree = "<group>";
		};
		2CC15EB01848373900048C33 /* Supporting Files */ = {
			isa = PBXGroup;
			children = (
				2C152445184C4B4A007080D8 /* images */,
				2C152423184C3388007080D8 /* AppDelegate.h */,
				2C6FDB34184DB33A00F45D60 /* CocoaDebugTools.h */,
				2C6FDB37184DB48100F45D60 /* CocoaDebugTools.mm */,
				2CC15EBB1848373900048C33 /* Images.xcassets */,
				2CC15EB11848373900048C33 /* Choco-Info.plist */,
				2CC15EB21848373900048C33 /* InfoPlist.strings */,
				2CC15EB51848373900048C33 /* main.m */,
				2CC15EB71848373900048C33 /* Choco-Prefix.pch */,
			);
			name = "Supporting Files";
			path = Choco;
			sourceTree = "<group>";
		};
		2CC15F0B184837AB00048C33 /* Products */ = {
			isa = PBXGroup;
			children = (
				2CC15F10184837AC00048C33 /* libChocoCore.a */,
			);
			name = Products;
			sourceTree = "<group>";
		};
/* End PBXGroup section */

/* Begin PBXNativeTarget section */
		2CC15EA51848373900048C33 /* Choco */ = {
			isa = PBXNativeTarget;
			buildConfigurationList = 2CC15ED21848373900048C33 /* Build configuration list for PBXNativeTarget "Choco" */;
			buildPhases = (
				2CC15EA21848373900048C33 /* Sources */,
				2CC15EA31848373900048C33 /* Frameworks */,
				2CC15EA41848373900048C33 /* Resources */,
			);
			buildRules = (
			);
			dependencies = (
				2CC15F15184837BE00048C33 /* PBXTargetDependency */,
				2C152422184C3368007080D8 /* PBXTargetDependency */,
			);
			name = Choco;
			productName = Choco;
			productReference = 2CC15EA61848373900048C33 /* Choco.app */;
			productType = "com.apple.product-type.application";
		};
/* End PBXNativeTarget section */

/* Begin PBXProject section */
		2CC15E9E1848373900048C33 /* Project object */ = {
			isa = PBXProject;
			attributes = {
				LastUpgradeCheck = 0500;
				ORGANIZATIONNAME = "Chan Ivan";
			};
			buildConfigurationList = 2CC15EA11848373900048C33 /* Build configuration list for PBXProject "Choco" */;
			compatibilityVersion = "Xcode 3.2";
			developmentRegion = English;
			hasScannedForEncodings = 0;
			knownRegions = (
				en,
			);
			mainGroup = 2CC15E9D1848373900048C33;
			productRefGroup = 2CC15EA71848373900048C33 /* Products */;
			projectDirPath = "";
			projectReferences = (
				{
					ProductGroup = 2CC15F0B184837AB00048C33 /* Products */;
					ProjectRef = 2CC15F0A184837AB00048C33 /* ChocoCore.xcodeproj */;
				},
				{
					ProductGroup = 2C152417184C3236007080D8 /* Products */;
					ProjectRef = 2C152416184C3236007080D8 /* Shell.xcodeproj */;
				},
			);
			projectRoot = "";
			targets = (
				2CC15EA51848373900048C33 /* Choco */,
			);
		};
/* End PBXProject section */

/* Begin PBXReferenceProxy section */
		2C15241B184C3236007080D8 /* libShell.a */ = {
			isa = PBXReferenceProxy;
			fileType = archive.ar;
			path = libShell.a;
			remoteRef = 2C15241A184C3236007080D8 /* PBXContainerItemProxy */;
			sourceTree = BUILT_PRODUCTS_DIR;
		};
		2CC15F10184837AC00048C33 /* libChocoCore.a */ = {
			isa = PBXReferenceProxy;
			fileType = archive.ar;
			path = libChocoCore.a;
			remoteRef = 2CC15F0F184837AC00048C33 /* PBXContainerItemProxy */;
			sourceTree = BUILT_PRODUCTS_DIR;
		};
/* End PBXReferenceProxy section */

/* Begin PBXResourcesBuildPhase section */
		2CC15EA41848373900048C33 /* Resources */ = {
			isa = PBXResourcesBuildPhase;
			buildActionMask = 2147483647;
			files = (
				2CC15EB41848373900048C33 /* InfoPlist.strings in Resources */,
				2CC15EBC1848373900048C33 /* Images.xcassets in Resources */,
				2C152464184C4B4A007080D8 /* Tabs@2x.png in Resources */,
				2C15245E184C4B4A007080D8 /* Refresh@2x.png in Resources */,
				2C15245A184C4B4A007080D8 /* Close@2x.png in Resources */,
				2C152461184C4B4A007080D8 /* Segment_Right_Normal@2x.png in Resources */,
				2C152465184C4B4A007080D8 /* Thumbs.db in Resources */,
				2C152456184C4B4A007080D8 /* Add@2x.png in Resources */,
				2C15245B184C4B4A007080D8 /* Download@2x.png in Resources */,
				2C6FDB35184DB33A00F45D60 /* CocoaDebugTools.h in Resources */,
				2C152458184C4B4A007080D8 /* Backward_disabled@2x.png in Resources */,
				2C152462184C4B4A007080D8 /* Segment_Right_Selected@2x.png in Resources */,
				2C15245D184C4B4A007080D8 /* Forward_disabled@2x.png in Resources */,
				2C152460184C4B4A007080D8 /* Segment_Left_Selected@2x.png in Resources */,
				2C15245F184C4B4A007080D8 /* Segment_Left_Normal@2x.png in Resources */,
				2C152459184C4B4A007080D8 /* Bookmark@2x.png in Resources */,
				2C15245C184C4B4A007080D8 /* Forward@2x.png in Resources */,
				2C152463184C4B4A007080D8 /* Stop@2x.png in Resources */,
				2C152457184C4B4A007080D8 /* Backward@2x.png in Resources */,
			);
			runOnlyForDeploymentPostprocessing = 0;
		};
/* End PBXResourcesBuildPhase section */

/* Begin PBXSourcesBuildPhase section */
		2CC15EA21848373900048C33 /* Sources */ = {
			isa = PBXSourcesBuildPhase;
			buildActionMask = 2147483647;
			files = (
				2CC15EB61848373900048C33 /* main.m in Sources */,
				2C6FDB38184DB48100F45D60 /* CocoaDebugTools.mm in Sources */,
			);
			runOnlyForDeploymentPostprocessing = 0;
		};
/* End PBXSourcesBuildPhase section */

/* Begin PBXTargetDependency section */
		2C152422184C3368007080D8 /* PBXTargetDependency */ = {
			isa = PBXTargetDependency;
			name = Shell;
			targetProxy = 2C152421184C3368007080D8 /* PBXContainerItemProxy */;
		};
		2CC15F15184837BE00048C33 /* PBXTargetDependency */ = {
			isa = PBXTargetDependency;
			name = ChocoCore;
			targetProxy = 2CC15F14184837BE00048C33 /* PBXContainerItemProxy */;
		};
/* End PBXTargetDependency section */

/* Begin PBXVariantGroup section */
		2CC15EB21848373900048C33 /* InfoPlist.strings */ = {
			isa = PBXVariantGroup;
			children = (
				2CC15EB31848373900048C33 /* en */,
			);
			name = InfoPlist.strings;
			sourceTree = "<group>";
		};
/* End PBXVariantGroup section */

/* Begin XCBuildConfiguration section */
		2CC15ED01848373900048C33 /* Debug */ = {
			isa = XCBuildConfiguration;
			buildSettings = {
				ALWAYS_SEARCH_USER_PATHS = NO;
				ARCHS = "$(ARCHS_STANDARD_INCLUDING_64_BIT)";
				CLANG_CXX_LANGUAGE_STANDARD = "compiler-default";
				CLANG_CXX_LIBRARY = "compiler-default";
				CLANG_ENABLE_MODULES = YES;
				CLANG_ENABLE_OBJC_ARC = NO;
				CLANG_WARN_BOOL_CONVERSION = YES;
				CLANG_WARN_CONSTANT_CONVERSION = YES;
				CLANG_WARN_DIRECT_OBJC_ISA_USAGE = YES_ERROR;
				CLANG_WARN_EMPTY_BODY = YES;
				CLANG_WARN_ENUM_CONVERSION = YES;
				CLANG_WARN_INT_CONVERSION = YES;
				CLANG_WARN_OBJC_ROOT_CLASS = YES_ERROR;
				CLANG_WARN__DUPLICATE_METHOD_MATCH = YES;
				"CODE_SIGN_IDENTITY[sdk=iphoneos*]" = "iPhone Developer";
				COPY_PHASE_STRIP = NO;
				GCC_C_LANGUAGE_STANDARD = gnu99;
				GCC_DYNAMIC_NO_PIC = NO;
				GCC_OPTIMIZATION_LEVEL = 0;
				GCC_PREPROCESSOR_DEFINITIONS = (
					"DEBUG=1",
					"$(inherited)",
				);
				GCC_SYMBOLS_PRIVATE_EXTERN = NO;
				GCC_WARN_64_TO_32_BIT_CONVERSION = YES;
				GCC_WARN_ABOUT_RETURN_TYPE = YES_ERROR;
				GCC_WARN_UNDECLARED_SELECTOR = YES;
				GCC_WARN_UNINITIALIZED_AUTOS = YES;
				GCC_WARN_UNUSED_FUNCTION = YES;
				GCC_WARN_UNUSED_VARIABLE = YES;
				IPHONEOS_DEPLOYMENT_TARGET = 6.0;
				ONLY_ACTIVE_ARCH = YES;
				SDKROOT = iphoneos;
				TARGETED_DEVICE_FAMILY = "1,2";
			};
			name = Debug;
		};
		2CC15ED11848373900048C33 /* Release */ = {
			isa = XCBuildConfiguration;
			buildSettings = {
				ALWAYS_SEARCH_USER_PATHS = NO;
				ARCHS = "$(ARCHS_STANDARD_INCLUDING_64_BIT)";
				CLANG_CXX_LANGUAGE_STANDARD = "compiler-default";
				CLANG_CXX_LIBRARY = "compiler-default";
				CLANG_ENABLE_MODULES = YES;
				CLANG_ENABLE_OBJC_ARC = NO;
				CLANG_WARN_BOOL_CONVERSION = YES;
				CLANG_WARN_CONSTANT_CONVERSION = YES;
				CLANG_WARN_DIRECT_OBJC_ISA_USAGE = YES_ERROR;
				CLANG_WARN_EMPTY_BODY = YES;
				CLANG_WARN_ENUM_CONVERSION = YES;
				CLANG_WARN_INT_CONVERSION = YES;
				CLANG_WARN_OBJC_ROOT_CLASS = YES_ERROR;
				CLANG_WARN__DUPLICATE_METHOD_MATCH = YES;
				"CODE_SIGN_IDENTITY[sdk=iphoneos*]" = "iPhone Developer";
				COPY_PHASE_STRIP = YES;
				ENABLE_NS_ASSERTIONS = NO;
				GCC_C_LANGUAGE_STANDARD = gnu99;
				GCC_WARN_64_TO_32_BIT_CONVERSION = YES;
				GCC_WARN_ABOUT_RETURN_TYPE = YES_ERROR;
				GCC_WARN_UNDECLARED_SELECTOR = YES;
				GCC_WARN_UNINITIALIZED_AUTOS = YES;
				GCC_WARN_UNUSED_FUNCTION = YES;
				GCC_WARN_UNUSED_VARIABLE = YES;
				IPHONEOS_DEPLOYMENT_TARGET = 6.0;
				SDKROOT = iphoneos;
				TARGETED_DEVICE_FAMILY = "1,2";
				VALIDATE_PRODUCT = YES;
			};
			name = Release;
		};
		2CC15ED31848373900048C33 /* Debug */ = {
			isa = XCBuildConfiguration;
			buildSettings = {
				ASSETCATALOG_COMPILER_APPICON_NAME = AppIcon;
				ASSETCATALOG_COMPILER_LAUNCHIMAGE_NAME = LaunchImage;
				GCC_PRECOMPILE_PREFIX_HEADER = YES;
				GCC_PREFIX_HEADER = "Choco/Choco-Prefix.pch";
				INFOPLIST_FILE = "Choco/Choco-Info.plist";
				PRODUCT_NAME = "$(TARGET_NAME)";
				WRAPPER_EXTENSION = app;
			};
			name = Debug;
		};
		2CC15ED41848373900048C33 /* Release */ = {
			isa = XCBuildConfiguration;
			buildSettings = {
				ASSETCATALOG_COMPILER_APPICON_NAME = AppIcon;
				ASSETCATALOG_COMPILER_LAUNCHIMAGE_NAME = LaunchImage;
				GCC_PRECOMPILE_PREFIX_HEADER = YES;
				GCC_PREFIX_HEADER = "Choco/Choco-Prefix.pch";
				INFOPLIST_FILE = "Choco/Choco-Info.plist";
				PRODUCT_NAME = "$(TARGET_NAME)";
				WRAPPER_EXTENSION = app;
			};
			name = Release;
		};
/* End XCBuildConfiguration section */

/* Begin XCConfigurationList section */
		2CC15EA11848373900048C33 /* Build configuration list for PBXProject "Choco" */ = {
			isa = XCConfigurationList;
			buildConfigurations = (
				2CC15ED01848373900048C33 /* Debug */,
				2CC15ED11848373900048C33 /* Release */,
			);
			defaultConfigurationIsVisible = 0;
			defaultConfigurationName = Release;
		};
		2CC15ED21848373900048C33 /* Build configuration list for PBXNativeTarget "Choco" */ = {
			isa = XCConfigurationList;
			buildConfigurations = (
				2CC15ED31848373900048C33 /* Debug */,
				2CC15ED41848373900048C33 /* Release */,
			);
			defaultConfigurationIsVisible = 0;
			defaultConfigurationName = Release;
		};
/* End XCConfigurationList section */
	};
	rootObject = 2CC15E9E1848373900048C33 /* Project object */;
}
